
Microsoft Visual Studio Solution File, Format Version 12.00
# Visual Studio Version 16
VisualStudioVersion = 16.0.28803.352
MinimumVisualStudioVersion = 10.0.40219.1
Project("{9A19103F-16F7-4668-BE54-9A1E7A4F7556}") = "ArbitraryExtensions", "ArbitraryExtensions\ArbitraryExtensions.csproj", "{9301CE15-223F-4E00-8AEC-0F12B7C9284B}"
EndProject
Global
	GlobalSection(SolutionConfigurationPlatforms) = preSolution
		Debug|Any CPU = Debug|Any CPU
		Release|Any CPU = Release|Any CPU
	EndGlobalSection
	GlobalSection(ProjectConfigurationPlatforms) = postSolution
		{9301CE15-223F-4E00-8AEC-0F12B7C9284B}.Debug|Any CPU.ActiveCfg = Debug|Any CPU
		{9301CE15-223F-4E00-8AEC-0F12B7C9284B}.Debug|Any CPU.Build.0 = Debug|Any CPU
		{9301CE15-223F-4E00-8AEC-0F12B7C9284B}.Release|Any CPU.ActiveCfg = Release|Any CPU
		{9301CE15-223F-4E00-8AEC-0F12B7C9284B}.Release|Any CPU.Build.0 = Release|Any CPU
	EndGlobalSection
	GlobalSection(SolutionProperties) = preSolution
		HideSolutionNode = FALSE
	EndGlobalSection
	GlobalSection(ExtensibilityGlobals) = postSolution
		SolutionGuid = {96CF1039-EFED-4B0A-8965-7BCC06BD7D51}
	EndGlobalSection
EndGlobal
